
Microsoft Visual Studio Solution File, Format Version 12.00
# Visual Studio Version 17
VisualStudioVersion = 17.11.35312.102
MinimumVisualStudioVersion = 10.0.40219.1
Project("{FAE04EC0-301F-11D3-BF4B-00C04F79EFBC}") = "PIRAMIT", "PIRAMIT\PIRAMIT.csproj", "{924FC1FB-E624-4B00-A47E-F9751EC23E13}"
EndProject
Global
	GlobalSection(SolutionConfigurationPlatforms) = preSolution
		Debug|Any CPU = Debug|Any CPU
		Release|Any CPU = Release|Any CPU
	EndGlobalSection
	GlobalSection(ProjectConfigurationPlatforms) = postSolution
		{924FC1FB-E624-4B00-A47E-F9751EC23E13}.Debug|Any CPU.ActiveCfg = Debug|Any CPU
		{924FC1FB-E624-4B00-A47E-F9751EC23E13}.Debug|Any CPU.Build.0 = Debug|Any CPU
		{924FC1FB-E624-4B00-A47E-F9751EC23E13}.Release|Any CPU.ActiveCfg = Release|Any CPU
		{924FC1FB-E624-4B00-A47E-F9751EC23E13}.Release|Any CPU.Build.0 = Release|Any CPU
	EndGlobalSection
	GlobalSection(SolutionProperties) = preSolution
		HideSolutionNode = FALSE
	EndGlobalSection
	GlobalSection(ExtensibilityGlobals) = postSolution
		SolutionGuid = {536FFD77-80BD-486A-AC3B-79231D309F69}
	EndGlobalSection
EndGlobal
